
Microsoft Visual Studio Solution File, Format Version 12.00
# Visual Studio Version 16
VisualStudioVersion = 16.0.28917.181
MinimumVisualStudioVersion = 10.0.40219.1
Project("{FAE04EC0-301F-11D3-BF4B-00C04F79EFBC}") = "PlayFabAuthentication", "PlayFabAuthentication.csproj", "{58CAC523-951E-476D-AF64-9232360CE0DD}"
EndProject
Global
	GlobalSection(SolutionConfigurationPlatforms) = preSolution
		Debug|Any CPU = Debug|Any CPU
		Release|Any CPU = Release|Any CPU
	EndGlobalSection
	GlobalSection(ProjectConfigurationPlatforms) = postSolution
		{58CAC523-951E-476D-AF64-9232360CE0DD}.Debug|Any CPU.ActiveCfg = Debug|Any CPU
		{58CAC523-951E-476D-AF64-9232360CE0DD}.Debug|Any CPU.Build.0 = Debug|Any CPU
		{58CAC523-951E-476D-AF64-9232360CE0DD}.Release|Any CPU.ActiveCfg = Release|Any CPU
		{58CAC523-951E-476D-AF64-9232360CE0DD}.Release|Any CPU.Build.0 = Release|Any CPU
	EndGlobalSection
	GlobalSection(SolutionProperties) = preSolution
		HideSolutionNode = FALSE
	EndGlobalSection
	GlobalSection(ExtensibilityGlobals) = postSolution
		SolutionGuid = {444723C4-8C45-4F8D-ADE2-9607B4DE2FA5}
	EndGlobalSection
EndGlobal
